
Microsoft Visual Studio Solution File, Format Version 12.00
# Visual Studio Version 16
VisualStudioVersion = 16.0.29519.181
MinimumVisualStudioVersion = 10.0.40219.1
Project("{FAE04EC0-301F-11D3-BF4B-00C04F79EFBC}") = "Domain", "Domain\Domain.csproj", "{6E01B968-331D-4095-9760-03B0C7325970}"
EndProject
Global
	GlobalSection(SolutionConfigurationPlatforms) = preSolution
		Debug|Any CPU = Debug|Any CPU
		Release|Any CPU = Release|Any CPU
	EndGlobalSection
	GlobalSection(ProjectConfigurationPlatforms) = postSolution
		{6E01B968-331D-4095-9760-03B0C7325970}.Debug|Any CPU.ActiveCfg = Debug|Any CPU
		{6E01B968-331D-4095-9760-03B0C7325970}.Debug|Any CPU.Build.0 = Debug|Any CPU
		{6E01B968-331D-4095-9760-03B0C7325970}.Release|Any CPU.ActiveCfg = Release|Any CPU
		{6E01B968-331D-4095-9760-03B0C7325970}.Release|Any CPU.Build.0 = Release|Any CPU
	EndGlobalSection
	GlobalSection(SolutionProperties) = preSolution
		HideSolutionNode = FALSE
	EndGlobalSection
	GlobalSection(ExtensibilityGlobals) = postSolution
		SolutionGuid = {0B242D6D-8994-45C4-95DE-0FADBDE4AADD}
	EndGlobalSection
EndGlobal
